
Microsoft Visual Studio Solution File, Format Version 12.00
# Visual Studio Version 17
VisualStudioVersion = 17.0.31903.59
MinimumVisualStudioVersion = 10.0.40219.1
Project("{2150E333-8FDC-42A3-9474-1A3956D46DE8}") = "src", "src", "{2FB13984-8890-409F-A235-80BCDA463A07}"
EndProject
Project("{FAE04EC0-301F-11D3-BF4B-00C04F79EFBC}") = "HCDE.Protocol", "src\HCDE.Protocol\HCDE.Protocol.csproj", "{5AFAEBBC-5CAC-465A-A929-F95848BE1105}"
EndProject
Project("{FAE04EC0-301F-11D3-BF4B-00C04F79EFBC}") = "HCDE.Master", "src\HCDE.Master\HCDE.Master.csproj", "{24EBC1BE-A367-41B1-8FE2-FF9FEC7010D8}"
EndProject
Project("{FAE04EC0-301F-11D3-BF4B-00C04F79EFBC}") = "HCDE.Rcon", "src\HCDE.Rcon\HCDE.Rcon.csproj", "{1CEF92F1-D602-4F1E-B4D3-E17E0997DCEB}"
EndProject
Project("{2150E333-8FDC-42A3-9474-1A3956D46DE8}") = "tests", "tests", "{9277E5E8-7AAA-47EB-94EA-C8D5535A8072}"
EndProject
Project("{FAE04EC0-301F-11D3-BF4B-00C04F79EFBC}") = "HCDE.Protocol.Tests", "tests\HCDE.Protocol.Tests\HCDE.Protocol.Tests.csproj", "{7C6C8D98-357E-4B2A-A710-816B70B9C040}"
EndProject
Project("{FAE04EC0-301F-11D3-BF4B-00C04F79EFBC}") = "HCDE.Master.Tests", "tests\HCDE.Master.Tests\HCDE.Master.Tests.csproj", "{2AFB8194-96EE-457E-B66C-B9279E6EE76D}"
EndProject
Project("{FAE04EC0-301F-11D3-BF4B-00C04F79EFBC}") = "HCDE.Rcon.Tests", "tests\HCDE.Rcon.Tests\HCDE.Rcon.Tests.csproj", "{A19D2FE2-6D29-4B0D-930A-90ECE44021FC}"
EndProject
Project("{FAE04EC0-301F-11D3-BF4B-00C04F79EFBC}") = "HCDE.Net.Transport", "src\HCDE.Net.Transport\HCDE.Net.Transport.csproj", "{7CD6BD05-2891-4275-AC10-048816B0DA26}"
EndProject
Project("{FAE04EC0-301F-11D3-BF4B-00C04F79EFBC}") = "HCDE.Net.Transport.Tests", "tests\HCDE.Net.Transport.Tests\HCDE.Net.Transport.Tests.csproj", "{ECDC6F1C-47B2-42BD-814B-98F5836BF8C2}"
EndProject
Project("{FAE04EC0-301F-11D3-BF4B-00C04F79EFBC}") = "HCDE.Net.Pregame", "src\HCDE.Net.Pregame\HCDE.Net.Pregame.csproj", "{B7EC5963-6D11-46C5-8159-01F344968D22}"
EndProject
Project("{FAE04EC0-301F-11D3-BF4B-00C04F79EFBC}") = "HCDE.Net.Pregame.Tests", "tests\HCDE.Net.Pregame.Tests\HCDE.Net.Pregame.Tests.csproj", "{BB2D7DC9-8B8A-45F9-9142-99239F418FEA}"
EndProject
Global
	GlobalSection(SolutionConfigurationPlatforms) = preSolution
		Debug|Any CPU = Debug|Any CPU
		Release|Any CPU = Release|Any CPU
	EndGlobalSection
	GlobalSection(SolutionProperties) = preSolution
		HideSolutionNode = FALSE
	EndGlobalSection
	GlobalSection(ProjectConfigurationPlatforms) = postSolution
		{5AFAEBBC-5CAC-465A-A929-F95848BE1105}.Debug|Any CPU.ActiveCfg = Debug|Any CPU
		{5AFAEBBC-5CAC-465A-A929-F95848BE1105}.Debug|Any CPU.Build.0 = Debug|Any CPU
		{5AFAEBBC-5CAC-465A-A929-F95848BE1105}.Release|Any CPU.ActiveCfg = Release|Any CPU
		{5AFAEBBC-5CAC-465A-A929-F95848BE1105}.Release|Any CPU.Build.0 = Release|Any CPU
		{24EBC1BE-A367-41B1-8FE2-FF9FEC7010D8}.Debug|Any CPU.ActiveCfg = Debug|Any CPU
		{24EBC1BE-A367-41B1-8FE2-FF9FEC7010D8}.Debug|Any CPU.Build.0 = Debug|Any CPU
		{24EBC1BE-A367-41B1-8FE2-FF9FEC7010D8}.Release|Any CPU.ActiveCfg = Release|Any CPU
		{24EBC1BE-A367-41B1-8FE2-FF9FEC7010D8}.Release|Any CPU.Build.0 = Release|Any CPU
		{1CEF92F1-D602-4F1E-B4D3-E17E0997DCEB}.Debug|Any CPU.ActiveCfg = Debug|Any CPU
		{1CEF92F1-D602-4F1E-B4D3-E17E0997DCEB}.Debug|Any CPU.Build.0 = Debug|Any CPU
		{1CEF92F1-D602-4F1E-B4D3-E17E0997DCEB}.Release|Any CPU.ActiveCfg = Release|Any CPU
		{1CEF92F1-D602-4F1E-B4D3-E17E0997DCEB}.Release|Any CPU.Build.0 = Release|Any CPU
		{7C6C8D98-357E-4B2A-A710-816B70B9C040}.Debug|Any CPU.ActiveCfg = Debug|Any CPU
		{7C6C8D98-357E-4B2A-A710-816B70B9C040}.Debug|Any CPU.Build.0 = Debug|Any CPU
		{7C6C8D98-357E-4B2A-A710-816B70B9C040}.Release|Any CPU.ActiveCfg = Release|Any CPU
		{7C6C8D98-357E-4B2A-A710-816B70B9C040}.Release|Any CPU.Build.0 = Release|Any CPU
		{2AFB8194-96EE-457E-B66C-B9279E6EE76D}.Debug|Any CPU.ActiveCfg = Debug|Any CPU
		{2AFB8194-96EE-457E-B66C-B9279E6EE76D}.Debug|Any CPU.Build.0 = Debug|Any CPU
		{2AFB8194-96EE-457E-B66C-B9279E6EE76D}.Release|Any CPU.ActiveCfg = Release|Any CPU
		{2AFB8194-96EE-457E-B66C-B9279E6EE76D}.Release|Any CPU.Build.0 = Release|Any CPU
		{A19D2FE2-6D29-4B0D-930A-90ECE44021FC}.Debug|Any CPU.ActiveCfg = Debug|Any CPU
		{A19D2FE2-6D29-4B0D-930A-90ECE44021FC}.Debug|Any CPU.Build.0 = Debug|Any CPU
		{A19D2FE2-6D29-4B0D-930A-90ECE44021FC}.Release|Any CPU.ActiveCfg = Release|Any CPU
		{A19D2FE2-6D29-4B0D-930A-90ECE44021FC}.Release|Any CPU.Build.0 = Release|Any CPU
		{7CD6BD05-2891-4275-AC10-048816B0DA26}.Debug|Any CPU.ActiveCfg = Debug|Any CPU
		{7CD6BD05-2891-4275-AC10-048816B0DA26}.Debug|Any CPU.Build.0 = Debug|Any CPU
		{7CD6BD05-2891-4275-AC10-048816B0DA26}.Release|Any CPU.ActiveCfg = Release|Any CPU
		{7CD6BD05-2891-4275-AC10-048816B0DA26}.Release|Any CPU.Build.0 = Release|Any CPU
		{ECDC6F1C-47B2-42BD-814B-98F5836BF8C2}.Debug|Any CPU.ActiveCfg = Debug|Any CPU
		{ECDC6F1C-47B2-42BD-814B-98F5836BF8C2}.Debug|Any CPU.Build.0 = Debug|Any CPU
		{ECDC6F1C-47B2-42BD-814B-98F5836BF8C2}.Release|Any CPU.ActiveCfg = Release|Any CPU
		{ECDC6F1C-47B2-42BD-814B-98F5836BF8C2}.Release|Any CPU.Build.0 = Release|Any CPU
		{B7EC5963-6D11-46C5-8159-01F344968D22}.Debug|Any CPU.ActiveCfg = Debug|Any CPU
		{B7EC5963-6D11-46C5-8159-01F344968D22}.Debug|Any CPU.Build.0 = Debug|Any CPU
		{B7EC5963-6D11-46C5-8159-01F344968D22}.Release|Any CPU.ActiveCfg = Release|Any CPU
		{B7EC5963-6D11-46C5-8159-01F344968D22}.Release|Any CPU.Build.0 = Release|Any CPU
		{BB2D7DC9-8B8A-45F9-9142-99239F418FEA}.Debug|Any CPU.ActiveCfg = Debug|Any CPU
		{BB2D7DC9-8B8A-45F9-9142-99239F418FEA}.Debug|Any CPU.Build.0 = Debug|Any CPU
		{BB2D7DC9-8B8A-45F9-9142-99239F418FEA}.Release|Any CPU.ActiveCfg = Release|Any CPU
		{BB2D7DC9-8B8A-45F9-9142-99239F418FEA}.Release|Any CPU.Build.0 = Release|Any CPU
	EndGlobalSection
	GlobalSection(NestedProjects) = preSolution
		{5AFAEBBC-5CAC-465A-A929-F95848BE1105} = {2FB13984-8890-409F-A235-80BCDA463A07}
		{24EBC1BE-A367-41B1-8FE2-FF9FEC7010D8} = {2FB13984-8890-409F-A235-80BCDA463A07}
		{1CEF92F1-D602-4F1E-B4D3-E17E0997DCEB} = {2FB13984-8890-409F-A235-80BCDA463A07}
		{7C6C8D98-357E-4B2A-A710-816B70B9C040} = {9277E5E8-7AAA-47EB-94EA-C8D5535A8072}
		{2AFB8194-96EE-457E-B66C-B9279E6EE76D} = {9277E5E8-7AAA-47EB-94EA-C8D5535A8072}
		{A19D2FE2-6D29-4B0D-930A-90ECE44021FC} = {9277E5E8-7AAA-47EB-94EA-C8D5535A8072}
		{7CD6BD05-2891-4275-AC10-048816B0DA26} = {2FB13984-8890-409F-A235-80BCDA463A07}
		{ECDC6F1C-47B2-42BD-814B-98F5836BF8C2} = {9277E5E8-7AAA-47EB-94EA-C8D5535A8072}
		{B7EC5963-6D11-46C5-8159-01F344968D22} = {2FB13984-8890-409F-A235-80BCDA463A07}
		{BB2D7DC9-8B8A-45F9-9142-99239F418FEA} = {9277E5E8-7AAA-47EB-94EA-C8D5535A8072}
	EndGlobalSection
EndGlobal
