
Microsoft Visual Studio Solution File, Format Version 12.00
# Visual Studio Version 17
Project("{8BC9CEB8-8B4A-11D0-8D11-00A0C91BC942}") = "ALL_BUILD", "ALL_BUILD.vcxproj", "{EF6210DA-F70F-3793-A693-CA73040E626A}"
	ProjectSection(ProjectDependencies) = postProject
		{E8197ADC-B231-3016-B201-AFCCCD85A09A} = {E8197ADC-B231-3016-B201-AFCCCD85A09A}
		{695BD82D-B7F6-3538-9533-E84CAF5882A8} = {695BD82D-B7F6-3538-9533-E84CAF5882A8}
	EndProjectSection
EndProject
Project("{8BC9CEB8-8B4A-11D0-8D11-00A0C91BC942}") = "INSTALL", "INSTALL.vcxproj", "{5D17757B-A31E-31ED-8BAD-D6557DDD967E}"
	ProjectSection(ProjectDependencies) = postProject
		{EF6210DA-F70F-3793-A693-CA73040E626A} = {EF6210DA-F70F-3793-A693-CA73040E626A}
		{E8197ADC-B231-3016-B201-AFCCCD85A09A} = {E8197ADC-B231-3016-B201-AFCCCD85A09A}
	EndProjectSection
EndProject
Project("{8BC9CEB8-8B4A-11D0-8D11-00A0C91BC942}") = "ZERO_CHECK", "..\..\ZERO_CHECK.vcxproj", "{E8197ADC-B231-3016-B201-AFCCCD85A09A}"
	ProjectSection(ProjectDependencies) = postProject
	EndProjectSection
EndProject
Project("{8BC9CEB8-8B4A-11D0-8D11-00A0C91BC942}") = "asmjit", "asmjit.vcxproj", "{695BD82D-B7F6-3538-9533-E84CAF5882A8}"
	ProjectSection(ProjectDependencies) = postProject
		{E8197ADC-B231-3016-B201-AFCCCD85A09A} = {E8197ADC-B231-3016-B201-AFCCCD85A09A}
	EndProjectSection
EndProject
Global
	GlobalSection(SolutionConfigurationPlatforms) = preSolution
		Debug|x64 = Debug|x64
		Release|x64 = Release|x64
		MinSizeRel|x64 = MinSizeRel|x64
		RelWithDebInfo|x64 = RelWithDebInfo|x64
	EndGlobalSection
	GlobalSection(ProjectConfigurationPlatforms) = postSolution
		{EF6210DA-F70F-3793-A693-CA73040E626A}.Debug|x64.ActiveCfg = Debug|x64
		{EF6210DA-F70F-3793-A693-CA73040E626A}.Debug|x64.Build.0 = Debug|x64
		{EF6210DA-F70F-3793-A693-CA73040E626A}.Release|x64.ActiveCfg = Release|x64
		{EF6210DA-F70F-3793-A693-CA73040E626A}.Release|x64.Build.0 = Release|x64
		{EF6210DA-F70F-3793-A693-CA73040E626A}.MinSizeRel|x64.ActiveCfg = MinSizeRel|x64
		{EF6210DA-F70F-3793-A693-CA73040E626A}.MinSizeRel|x64.Build.0 = MinSizeRel|x64
		{EF6210DA-F70F-3793-A693-CA73040E626A}.RelWithDebInfo|x64.ActiveCfg = RelWithDebInfo|x64
		{EF6210DA-F70F-3793-A693-CA73040E626A}.RelWithDebInfo|x64.Build.0 = RelWithDebInfo|x64
		{5D17757B-A31E-31ED-8BAD-D6557DDD967E}.Debug|x64.ActiveCfg = Debug|x64
		{5D17757B-A31E-31ED-8BAD-D6557DDD967E}.Release|x64.ActiveCfg = Release|x64
		{5D17757B-A31E-31ED-8BAD-D6557DDD967E}.MinSizeRel|x64.ActiveCfg = MinSizeRel|x64
		{5D17757B-A31E-31ED-8BAD-D6557DDD967E}.RelWithDebInfo|x64.ActiveCfg = RelWithDebInfo|x64
		{E8197ADC-B231-3016-B201-AFCCCD85A09A}.Debug|x64.ActiveCfg = Debug|x64
		{E8197ADC-B231-3016-B201-AFCCCD85A09A}.Debug|x64.Build.0 = Debug|x64
		{E8197ADC-B231-3016-B201-AFCCCD85A09A}.Release|x64.ActiveCfg = Release|x64
		{E8197ADC-B231-3016-B201-AFCCCD85A09A}.Release|x64.Build.0 = Release|x64
		{E8197ADC-B231-3016-B201-AFCCCD85A09A}.MinSizeRel|x64.ActiveCfg = MinSizeRel|x64
		{E8197ADC-B231-3016-B201-AFCCCD85A09A}.MinSizeRel|x64.Build.0 = MinSizeRel|x64
		{E8197ADC-B231-3016-B201-AFCCCD85A09A}.RelWithDebInfo|x64.ActiveCfg = RelWithDebInfo|x64
		{E8197ADC-B231-3016-B201-AFCCCD85A09A}.RelWithDebInfo|x64.Build.0 = RelWithDebInfo|x64
		{695BD82D-B7F6-3538-9533-E84CAF5882A8}.Debug|x64.ActiveCfg = Debug|x64
		{695BD82D-B7F6-3538-9533-E84CAF5882A8}.Debug|x64.Build.0 = Debug|x64
		{695BD82D-B7F6-3538-9533-E84CAF5882A8}.Release|x64.ActiveCfg = Release|x64
		{695BD82D-B7F6-3538-9533-E84CAF5882A8}.Release|x64.Build.0 = Release|x64
		{695BD82D-B7F6-3538-9533-E84CAF5882A8}.MinSizeRel|x64.ActiveCfg = MinSizeRel|x64
		{695BD82D-B7F6-3538-9533-E84CAF5882A8}.MinSizeRel|x64.Build.0 = MinSizeRel|x64
		{695BD82D-B7F6-3538-9533-E84CAF5882A8}.RelWithDebInfo|x64.ActiveCfg = RelWithDebInfo|x64
		{695BD82D-B7F6-3538-9533-E84CAF5882A8}.RelWithDebInfo|x64.Build.0 = RelWithDebInfo|x64
	EndGlobalSection
	GlobalSection(ExtensibilityGlobals) = postSolution
		SolutionGuid = {CE60E27A-1AB5-309D-8548-9CE4D135B8FE}
	EndGlobalSection
	GlobalSection(ExtensibilityAddIns) = postSolution
	EndGlobalSection
EndGlobal
