<?xml version="1.0" encoding="utf-8"?>
<Project ToolsVersion="17.0" xmlns="http://schemas.microsoft.com/developer/msbuild/2003">
  <ItemGroup>
    <CustomBuild Include="C:\Users\user\DoomConnector6\HCDE\CMakeFiles\cf8b55309c9d6b8faaa99210ce15918b\hcde_mod_compat_pink_valley_eng_pk3_copy.rule">
      <Filter>CMake Rules</Filter>
    </CustomBuild>
    <CustomBuild Include="C:\Users\user\DoomConnector6\HCDE\wadsrc_mod_compat\CMakeLists.txt" />
  </ItemGroup>
  <ItemGroup>
    <None Include="C:\Users\user\DoomConnector6\HCDE\wadsrc_mod_compat\CMakeFiles\hcde_mod_compat_pink_valley_eng_pk3_copy" />
  </ItemGroup>
  <ItemGroup>
    <Filter Include="CMake Rules">
      <UniqueIdentifier>{6B4C33DB-601C-3F66-91C4-B80AF0AEEFDD}</UniqueIdentifier>
    </Filter>
  </ItemGroup>
</Project>
