<?xml version="1.0" encoding="utf-8"?>
<Project ToolsVersion="17.0" xmlns="http://schemas.microsoft.com/developer/msbuild/2003">
  <ItemGroup>
    <ClCompile Include="C:\Users\user\DoomConnector6\HCDE\libraries\lzma\C\7zAlloc.c">
      <Filter>Source Files</Filter>
    </ClCompile>
    <ClCompile Include="C:\Users\user\DoomConnector6\HCDE\libraries\lzma\C\7zArcIn.c">
      <Filter>Source Files</Filter>
    </ClCompile>
    <ClCompile Include="C:\Users\user\DoomConnector6\HCDE\libraries\lzma\C\7zBuf.c">
      <Filter>Source Files</Filter>
    </ClCompile>
    <ClCompile Include="C:\Users\user\DoomConnector6\HCDE\libraries\lzma\C\7zBuf2.c">
      <Filter>Source Files</Filter>
    </ClCompile>
    <ClCompile Include="C:\Users\user\DoomConnector6\HCDE\libraries\lzma\C\7zCrc.c">
      <Filter>Source Files</Filter>
    </ClCompile>
    <ClCompile Include="C:\Users\user\DoomConnector6\HCDE\libraries\lzma\C\7zCrcOpt.c">
      <Filter>Source Files</Filter>
    </ClCompile>
    <ClCompile Include="C:\Users\user\DoomConnector6\HCDE\libraries\lzma\C\7zDec.c">
      <Filter>Source Files</Filter>
    </ClCompile>
    <ClCompile Include="C:\Users\user\DoomConnector6\HCDE\libraries\lzma\C\7zFile.c">
      <Filter>Source Files</Filter>
    </ClCompile>
    <ClCompile Include="C:\Users\user\DoomConnector6\HCDE\libraries\lzma\C\7zStream.c">
      <Filter>Source Files</Filter>
    </ClCompile>
    <ClCompile Include="C:\Users\user\DoomConnector6\HCDE\libraries\lzma\C\Alloc.c">
      <Filter>Source Files</Filter>
    </ClCompile>
    <ClCompile Include="C:\Users\user\DoomConnector6\HCDE\libraries\lzma\C\Bcj2.c">
      <Filter>Source Files</Filter>
    </ClCompile>
    <ClCompile Include="C:\Users\user\DoomConnector6\HCDE\libraries\lzma\C\Bcj2Enc.c">
      <Filter>Source Files</Filter>
    </ClCompile>
    <ClCompile Include="C:\Users\user\DoomConnector6\HCDE\libraries\lzma\C\Bra.c">
      <Filter>Source Files</Filter>
    </ClCompile>
    <ClCompile Include="C:\Users\user\DoomConnector6\HCDE\libraries\lzma\C\Bra86.c">
      <Filter>Source Files</Filter>
    </ClCompile>
    <ClCompile Include="C:\Users\user\DoomConnector6\HCDE\libraries\lzma\C\CpuArch.c">
      <Filter>Source Files</Filter>
    </ClCompile>
    <ClCompile Include="C:\Users\user\DoomConnector6\HCDE\libraries\lzma\C\Delta.c">
      <Filter>Source Files</Filter>
    </ClCompile>
    <ClCompile Include="C:\Users\user\DoomConnector6\HCDE\libraries\lzma\C\DllSecur.c">
      <Filter>Source Files</Filter>
    </ClCompile>
    <ClCompile Include="C:\Users\user\DoomConnector6\HCDE\libraries\lzma\C\LzFind.c">
      <Filter>Source Files</Filter>
    </ClCompile>
    <ClCompile Include="C:\Users\user\DoomConnector6\HCDE\libraries\lzma\C\LzFindMt.c">
      <Filter>Source Files</Filter>
    </ClCompile>
    <ClCompile Include="C:\Users\user\DoomConnector6\HCDE\libraries\lzma\C\LzFindOpt.c">
      <Filter>Source Files</Filter>
    </ClCompile>
    <ClCompile Include="C:\Users\user\DoomConnector6\HCDE\libraries\lzma\C\Lzma2Dec.c">
      <Filter>Source Files</Filter>
    </ClCompile>
    <ClCompile Include="C:\Users\user\DoomConnector6\HCDE\libraries\lzma\C\Lzma2DecMt.c">
      <Filter>Source Files</Filter>
    </ClCompile>
    <ClCompile Include="C:\Users\user\DoomConnector6\HCDE\libraries\lzma\C\Lzma2Enc.c">
      <Filter>Source Files</Filter>
    </ClCompile>
    <ClCompile Include="C:\Users\user\DoomConnector6\HCDE\libraries\lzma\C\LzmaDec.c">
      <Filter>Source Files</Filter>
    </ClCompile>
    <ClCompile Include="C:\Users\user\DoomConnector6\HCDE\libraries\lzma\C\LzmaEnc.c">
      <Filter>Source Files</Filter>
    </ClCompile>
    <ClCompile Include="C:\Users\user\DoomConnector6\HCDE\libraries\lzma\C\LzmaLib.c">
      <Filter>Source Files</Filter>
    </ClCompile>
    <ClCompile Include="C:\Users\user\DoomConnector6\HCDE\libraries\lzma\C\MtCoder.c">
      <Filter>Source Files</Filter>
    </ClCompile>
    <ClCompile Include="C:\Users\user\DoomConnector6\HCDE\libraries\lzma\C\MtDec.c">
      <Filter>Source Files</Filter>
    </ClCompile>
    <ClCompile Include="C:\Users\user\DoomConnector6\HCDE\libraries\lzma\C\Ppmd7.c">
      <Filter>Source Files</Filter>
    </ClCompile>
    <ClCompile Include="C:\Users\user\DoomConnector6\HCDE\libraries\lzma\C\Ppmd7Dec.c">
      <Filter>Source Files</Filter>
    </ClCompile>
    <ClCompile Include="C:\Users\user\DoomConnector6\HCDE\libraries\lzma\C\Ppmd7Enc.c">
      <Filter>Source Files</Filter>
    </ClCompile>
    <ClCompile Include="C:\Users\user\DoomConnector6\HCDE\libraries\lzma\C\Sha256.c">
      <Filter>Source Files</Filter>
    </ClCompile>
    <ClCompile Include="C:\Users\user\DoomConnector6\HCDE\libraries\lzma\C\Sha256Opt.c">
      <Filter>Source Files</Filter>
    </ClCompile>
    <ClCompile Include="C:\Users\user\DoomConnector6\HCDE\libraries\lzma\C\Sort.c">
      <Filter>Source Files</Filter>
    </ClCompile>
    <ClCompile Include="C:\Users\user\DoomConnector6\HCDE\libraries\lzma\C\SwapBytes.c">
      <Filter>Source Files</Filter>
    </ClCompile>
    <ClCompile Include="C:\Users\user\DoomConnector6\HCDE\libraries\lzma\C\Threads.c">
      <Filter>Source Files</Filter>
    </ClCompile>
    <ClCompile Include="C:\Users\user\DoomConnector6\HCDE\libraries\lzma\C\Xz.c">
      <Filter>Source Files</Filter>
    </ClCompile>
    <ClCompile Include="C:\Users\user\DoomConnector6\HCDE\libraries\lzma\C\XzCrc64.c">
      <Filter>Source Files</Filter>
    </ClCompile>
    <ClCompile Include="C:\Users\user\DoomConnector6\HCDE\libraries\lzma\C\XzCrc64Opt.c">
      <Filter>Source Files</Filter>
    </ClCompile>
    <ClCompile Include="C:\Users\user\DoomConnector6\HCDE\libraries\lzma\C\XzDec.c">
      <Filter>Source Files</Filter>
    </ClCompile>
    <ClCompile Include="C:\Users\user\DoomConnector6\HCDE\libraries\lzma\C\XzEnc.c">
      <Filter>Source Files</Filter>
    </ClCompile>
    <ClCompile Include="C:\Users\user\DoomConnector6\HCDE\libraries\lzma\C\XzIn.c">
      <Filter>Source Files</Filter>
    </ClCompile>
  </ItemGroup>
  <ItemGroup>
    <CustomBuild Include="C:\Users\user\DoomConnector6\HCDE\libraries\lzma\CMakeLists.txt" />
  </ItemGroup>
  <ItemGroup>
    <Filter Include="Source Files">
      <UniqueIdentifier>{7A34F880-AD99-3A93-806C-D6F4B030A349}</UniqueIdentifier>
    </Filter>
  </ItemGroup>
</Project>
