<?xml version="1.0" encoding="utf-8"?>
<Project ToolsVersion="17.0" xmlns="http://schemas.microsoft.com/developer/msbuild/2003">
  <ItemGroup>
    <CustomBuild Include="C:\Users\user\DoomConnector6\HCDE\CMakeFiles\14b34bf3ac9953982491a9211c05a2e9\INSTALL_force.rule">
      <Filter>CMake Rules</Filter>
    </CustomBuild>
  </ItemGroup>
  <ItemGroup>
    <Filter Include="CMake Rules">
      <UniqueIdentifier>{6B4C33DB-601C-3F66-91C4-B80AF0AEEFDD}</UniqueIdentifier>
    </Filter>
  </ItemGroup>
</Project>
