<?xml version="1.0" encoding="utf-8"?>
<Project ToolsVersion="17.0" xmlns="http://schemas.microsoft.com/developer/msbuild/2003">
  <ItemGroup>
    <ClCompile Include="C:\Users\user\DoomConnector6\HCDE\libraries\abseil\absl\flags\parse.cc">
      <Filter>Source Files</Filter>
    </ClCompile>
  </ItemGroup>
  <ItemGroup>
    <ClInclude Include="C:\Users\user\DoomConnector6\HCDE\libraries\abseil\absl\flags\internal\parse.h">
      <Filter>Header Files</Filter>
    </ClInclude>
    <ClInclude Include="C:\Users\user\DoomConnector6\HCDE\libraries\abseil\absl\flags\parse.h">
      <Filter>Header Files</Filter>
    </ClInclude>
  </ItemGroup>
  <ItemGroup>
    <CustomBuild Include="C:\Users\user\DoomConnector6\HCDE\libraries\abseil\absl\flags\CMakeLists.txt" />
  </ItemGroup>
  <ItemGroup>
    <Filter Include="Header Files">
      <UniqueIdentifier>{F4031774-2530-34F6-A3E3-BFF9B8A0DB72}</UniqueIdentifier>
    </Filter>
    <Filter Include="Source Files">
      <UniqueIdentifier>{7A34F880-AD99-3A93-806C-D6F4B030A349}</UniqueIdentifier>
    </Filter>
  </ItemGroup>
</Project>
